
Microsoft Visual Studio Solution File, Format Version 12.00
# Visual Studio Version 17
VisualStudioVersion = 17.9.34728.123
MinimumVisualStudioVersion = 10.0.40219.1
Project("{FAE04EC0-301F-11D3-BF4B-00C04F79EFBC}") = "AppApi", "AppApi\AppApi.csproj", "{6B65B8D5-AF5B-445F-BA21-24FD5D951482}"
EndProject
Global
	GlobalSection(SolutionConfigurationPlatforms) = preSolution
		Debug|Any CPU = Debug|Any CPU
		Release|Any CPU = Release|Any CPU
	EndGlobalSection
	GlobalSection(ProjectConfigurationPlatforms) = postSolution
		{6B65B8D5-AF5B-445F-BA21-24FD5D951482}.Debug|Any CPU.ActiveCfg = Debug|Any CPU
		{6B65B8D5-AF5B-445F-BA21-24FD5D951482}.Debug|Any CPU.Build.0 = Debug|Any CPU
		{6B65B8D5-AF5B-445F-BA21-24FD5D951482}.Release|Any CPU.ActiveCfg = Release|Any CPU
		{6B65B8D5-AF5B-445F-BA21-24FD5D951482}.Release|Any CPU.Build.0 = Release|Any CPU
	EndGlobalSection
	GlobalSection(SolutionProperties) = preSolution
		HideSolutionNode = FALSE
	EndGlobalSection
	GlobalSection(ExtensibilityGlobals) = postSolution
		SolutionGuid = {F1322AB7-E954-4964-AE94-32D448EAECFB}
	EndGlobalSection
EndGlobal
